
Microsoft Visual Studio Solution File, Format Version 12.00
# Visual Studio Version 16
VisualStudioVersion = 16.0.30611.23
MinimumVisualStudioVersion = 10.0.40219.1
Project("{FAE04EC0-301F-11D3-BF4B-00C04F79EFBC}") = "Todo.Data", "Todo.Data\Todo.Data.csproj", "{5F044627-0ACC-4FCF-81D1-47CFA0DA6D32}"
EndProject
Project("{FAE04EC0-301F-11D3-BF4B-00C04F79EFBC}") = "Todo_Web", "Todo_Web\Todo_Web.csproj", "{644D85B4-F114-42D3-8305-D7EECDAB9C76}"
EndProject
Global
	GlobalSection(SolutionConfigurationPlatforms) = preSolution
		Debug|Any CPU = Debug|Any CPU
		Release|Any CPU = Release|Any CPU
	EndGlobalSection
	GlobalSection(ProjectConfigurationPlatforms) = postSolution
		{5F044627-0ACC-4FCF-81D1-47CFA0DA6D32}.Debug|Any CPU.ActiveCfg = Debug|Any CPU
		{5F044627-0ACC-4FCF-81D1-47CFA0DA6D32}.Debug|Any CPU.Build.0 = Debug|Any CPU
		{5F044627-0ACC-4FCF-81D1-47CFA0DA6D32}.Release|Any CPU.ActiveCfg = Release|Any CPU
		{5F044627-0ACC-4FCF-81D1-47CFA0DA6D32}.Release|Any CPU.Build.0 = Release|Any CPU
		{644D85B4-F114-42D3-8305-D7EECDAB9C76}.Debug|Any CPU.ActiveCfg = Debug|Any CPU
		{644D85B4-F114-42D3-8305-D7EECDAB9C76}.Debug|Any CPU.Build.0 = Debug|Any CPU
		{644D85B4-F114-42D3-8305-D7EECDAB9C76}.Release|Any CPU.ActiveCfg = Release|Any CPU
		{644D85B4-F114-42D3-8305-D7EECDAB9C76}.Release|Any CPU.Build.0 = Release|Any CPU
	EndGlobalSection
	GlobalSection(SolutionProperties) = preSolution
		HideSolutionNode = FALSE
	EndGlobalSection
	GlobalSection(ExtensibilityGlobals) = postSolution
		SolutionGuid = {96197836-F944-4726-B892-15C805651D9F}
	EndGlobalSection
EndGlobal
